// !$*UTF8*$!
{
	archiveVersion = 1;
	classes = {
	};
	objectVersion = 60;
	objects = {

/* Begin PBXBuildFile section */
		AB16623F2B92715700FA72A9 /* StockViewerAppApp.swift in Sources */ = {isa = PBXBuildFile; fileRef = AB16623E2B92715700FA72A9 /* StockViewerAppApp.swift */; };
		AB1662412B92715700FA72A9 /* ContentView.swift in Sources */ = {isa = PBXBuildFile; fileRef = AB1662402B92715700FA72A9 /* ContentView.swift */; };
		AB1662432B92715800FA72A9 /* Assets.xcassets in Resources */ = {isa = PBXBuildFile; fileRef = AB1662422B92715800FA72A9 /* Assets.xcassets */; };
		AB1662472B92715800FA72A9 /* Preview Assets.xcassets in Resources */ = {isa = PBXBuildFile; fileRef = AB1662462B92715800FA72A9 /* Preview Assets.xcassets */; };
		AB1662512B92715900FA72A9 /* StockViewerAppTests.swift in Sources */ = {isa = PBXBuildFile; fileRef = AB1662502B92715900FA72A9 /* StockViewerAppTests.swift */; };
		AB16625B2B92715900FA72A9 /* StockViewerAppUITests.swift in Sources */ = {isa = PBXBuildFile; fileRef = AB16625A2B92715900FA72A9 /* StockViewerAppUITests.swift */; };
		AB16625D2B92715900FA72A9 /* StockViewerAppUITestsLaunchTests.swift in Sources */ = {isa = PBXBuildFile; fileRef = AB16625C2B92715900FA72A9 /* StockViewerAppUITestsLaunchTests.swift */; };
		AB16626D2B92720900FA72A9 /* Stocks in Frameworks */ = {isa = PBXBuildFile; productRef = AB16626C2B92720900FA72A9 /* Stocks */; };
		AB9A2F2B2B96934300BA0E51 /* PolygonAPIMock.swift in Sources */ = {isa = PBXBuildFile; fileRef = AB9A2F2A2B96934300BA0E51 /* PolygonAPIMock.swift */; };
		AB9F467F2B9818F2006FC536 /* StockListView.swift in Sources */ = {isa = PBXBuildFile; fileRef = AB9F467E2B9818F2006FC536 /* StockListView.swift */; };
/* End PBXBuildFile section */

/* Begin PBXContainerItemProxy section */
		AB16624D2B92715900FA72A9 /* PBXContainerItemProxy */ = {
			isa = PBXContainerItemProxy;
			containerPortal = AB1662332B92715700FA72A9 /* Project object */;
			proxyType = 1;
			remoteGlobalIDString = AB16623A2B92715700FA72A9;
			remoteInfo = StockViewerApp;
		};
		AB1662572B92715900FA72A9 /* PBXContainerItemProxy */ = {
			isa = PBXContainerItemProxy;
			containerPortal = AB1662332B92715700FA72A9 /* Project object */;
			proxyType = 1;
			remoteGlobalIDString = AB16623A2B92715700FA72A9;
			remoteInfo = StockViewerApp;
		};
/* End PBXContainerItemProxy section */

/* Begin PBXFileReference section */
		AB16623B2B92715700FA72A9 /* StockViewerApp.app */ = {isa = PBXFileReference; explicitFileType = wrapper.application; includeInIndex = 0; path = StockViewerApp.app; sourceTree = BUILT_PRODUCTS_DIR; };
		AB16623E2B92715700FA72A9 /* StockViewerAppApp.swift */ = {isa = PBXFileReference; lastKnownFileType = sourcecode.swift; path = StockViewerAppApp.swift; sourceTree = "<group>"; };
		AB1662402B92715700FA72A9 /* ContentView.swift */ = {isa = PBXFileReference; lastKnownFileType = sourcecode.swift; path = ContentView.swift; sourceTree = "<group>"; };
		AB1662422B92715800FA72A9 /* Assets.xcassets */ = {isa = PBXFileReference; lastKnownFileType = folder.assetcatalog; path = Assets.xcassets; sourceTree = "<group>"; };
		AB1662442B92715800FA72A9 /* StockViewerApp.entitlements */ = {isa = PBXFileReference; lastKnownFileType = text.plist.entitlements; path = StockViewerApp.entitlements; sourceTree = "<group>"; };
		AB1662462B92715800FA72A9 /* Preview Assets.xcassets */ = {isa = PBXFileReference; lastKnownFileType = folder.assetcatalog; path = "Preview Assets.xcassets"; sourceTree = "<group>"; };
		AB16624C2B92715900FA72A9 /* StockViewerAppTests.xctest */ = {isa = PBXFileReference; explicitFileType = wrapper.cfbundle; includeInIndex = 0; path = StockViewerAppTests.xctest; sourceTree = BUILT_PRODUCTS_DIR; };
		AB1662502B92715900FA72A9 /* StockViewerAppTests.swift */ = {isa = PBXFileReference; lastKnownFileType = sourcecode.swift; path = StockViewerAppTests.swift; sourceTree = "<group>"; };
		AB1662562B92715900FA72A9 /* StockViewerAppUITests.xctest */ = {isa = PBXFileReference; explicitFileType = wrapper.cfbundle; includeInIndex = 0; path = StockViewerAppUITests.xctest; sourceTree = BUILT_PRODUCTS_DIR; };
		AB16625A2B92715900FA72A9 /* StockViewerAppUITests.swift */ = {isa = PBXFileReference; lastKnownFileType = sourcecode.swift; path = StockViewerAppUITests.swift; sourceTree = "<group>"; };
		AB16625C2B92715900FA72A9 /* StockViewerAppUITestsLaunchTests.swift */ = {isa = PBXFileReference; lastKnownFileType = sourcecode.swift; path = StockViewerAppUITestsLaunchTests.swift; sourceTree = "<group>"; };
		AB16626A2B9271D200FA72A9 /* Stocks */ = {isa = PBXFileReference; lastKnownFileType = wrapper; path = Stocks; sourceTree = "<group>"; };
		AB9A2F2A2B96934300BA0E51 /* PolygonAPIMock.swift */ = {isa = PBXFileReference; lastKnownFileType = sourcecode.swift; path = PolygonAPIMock.swift; sourceTree = "<group>"; };
		AB9F467E2B9818F2006FC536 /* StockListView.swift */ = {isa = PBXFileReference; lastKnownFileType = sourcecode.swift; path = StockListView.swift; sourceTree = "<group>"; };
/* End PBXFileReference section */

/* Begin PBXFrameworksBuildPhase section */
		AB1662382B92715700FA72A9 /* Frameworks */ = {
			isa = PBXFrameworksBuildPhase;
			buildActionMask = 2147483647;
			files = (
				AB16626D2B92720900FA72A9 /* Stocks in Frameworks */,
			);
			runOnlyForDeploymentPostprocessing = 0;
		};
		AB1662492B92715900FA72A9 /* Frameworks */ = {
			isa = PBXFrameworksBuildPhase;
			buildActionMask = 2147483647;
			files = (
			);
			runOnlyForDeploymentPostprocessing = 0;
		};
		AB1662532B92715900FA72A9 /* Frameworks */ = {
			isa = PBXFrameworksBuildPhase;
			buildActionMask = 2147483647;
			files = (
			);
			runOnlyForDeploymentPostprocessing = 0;
		};
/* End PBXFrameworksBuildPhase section */

/* Begin PBXGroup section */
		AB1662322B92715700FA72A9 = {
			isa = PBXGroup;
			children = (
				AB16626A2B9271D200FA72A9 /* Stocks */,
				AB16623D2B92715700FA72A9 /* StockViewerApp */,
				AB16624F2B92715900FA72A9 /* StockViewerAppTests */,
				AB1662592B92715900FA72A9 /* StockViewerAppUITests */,
				AB16623C2B92715700FA72A9 /* Products */,
			);
			sourceTree = "<group>";
		};
		AB16623C2B92715700FA72A9 /* Products */ = {
			isa = PBXGroup;
			children = (
				AB16623B2B92715700FA72A9 /* StockViewerApp.app */,
				AB16624C2B92715900FA72A9 /* StockViewerAppTests.xctest */,
				AB1662562B92715900FA72A9 /* StockViewerAppUITests.xctest */,
			);
			name = Products;
			sourceTree = "<group>";
		};
		AB16623D2B92715700FA72A9 /* StockViewerApp */ = {
			isa = PBXGroup;
			children = (
				AB16623E2B92715700FA72A9 /* StockViewerAppApp.swift */,
				AB1662402B92715700FA72A9 /* ContentView.swift */,
				AB1662422B92715800FA72A9 /* Assets.xcassets */,
				AB1662442B92715800FA72A9 /* StockViewerApp.entitlements */,
				AB1662452B92715800FA72A9 /* Preview Content */,
				AB9A2F2C2B96935000BA0E51 /* Testing */,
				AB9F467E2B9818F2006FC536 /* StockListView.swift */,
			);
			path = StockViewerApp;
			sourceTree = "<group>";
		};
		AB1662452B92715800FA72A9 /* Preview Content */ = {
			isa = PBXGroup;
			children = (
				AB1662462B92715800FA72A9 /* Preview Assets.xcassets */,
			);
			path = "Preview Content";
			sourceTree = "<group>";
		};
		AB16624F2B92715900FA72A9 /* StockViewerAppTests */ = {
			isa = PBXGroup;
			children = (
				AB1662502B92715900FA72A9 /* StockViewerAppTests.swift */,
			);
			path = StockViewerAppTests;
			sourceTree = "<group>";
		};
		AB1662592B92715900FA72A9 /* StockViewerAppUITests */ = {
			isa = PBXGroup;
			children = (
				AB16625A2B92715900FA72A9 /* StockViewerAppUITests.swift */,
				AB16625C2B92715900FA72A9 /* StockViewerAppUITestsLaunchTests.swift */,
			);
			path = StockViewerAppUITests;
			sourceTree = "<group>";
		};
		AB9A2F2C2B96935000BA0E51 /* Testing */ = {
			isa = PBXGroup;
			children = (
				AB9A2F2A2B96934300BA0E51 /* PolygonAPIMock.swift */,
			);
			path = Testing;
			sourceTree = "<group>";
		};
/* End PBXGroup section */

/* Begin PBXNativeTarget section */
		AB16623A2B92715700FA72A9 /* StockViewerApp */ = {
			isa = PBXNativeTarget;
			buildConfigurationList = AB1662602B92715900FA72A9 /* Build configuration list for PBXNativeTarget "StockViewerApp" */;
			buildPhases = (
				AB1662372B92715700FA72A9 /* Sources */,
				AB1662382B92715700FA72A9 /* Frameworks */,
				AB1662392B92715700FA72A9 /* Resources */,
			);
			buildRules = (
			);
			dependencies = (
			);
			name = StockViewerApp;
			packageProductDependencies = (
				AB16626C2B92720900FA72A9 /* Stocks */,
			);
			productName = StockViewerApp;
			productReference = AB16623B2B92715700FA72A9 /* StockViewerApp.app */;
			productType = "com.apple.product-type.application";
		};
		AB16624B2B92715900FA72A9 /* StockViewerAppTests */ = {
			isa = PBXNativeTarget;
			buildConfigurationList = AB1662632B92715900FA72A9 /* Build configuration list for PBXNativeTarget "StockViewerAppTests" */;
			buildPhases = (
				AB1662482B92715900FA72A9 /* Sources */,
				AB1662492B92715900FA72A9 /* Frameworks */,
				AB16624A2B92715900FA72A9 /* Resources */,
			);
			buildRules = (
			);
			dependencies = (
				AB16624E2B92715900FA72A9 /* PBXTargetDependency */,
			);
			name = StockViewerAppTests;
			productName = StockViewerAppTests;
			productReference = AB16624C2B92715900FA72A9 /* StockViewerAppTests.xctest */;
			productType = "com.apple.product-type.bundle.unit-test";
		};
		AB1662552B92715900FA72A9 /* StockViewerAppUITests */ = {
			isa = PBXNativeTarget;
			buildConfigurationList = AB1662662B92715900FA72A9 /* Build configuration list for PBXNativeTarget "StockViewerAppUITests" */;
			buildPhases = (
				AB1662522B92715900FA72A9 /* Sources */,
				AB1662532B92715900FA72A9 /* Frameworks */,
				AB1662542B92715900FA72A9 /* Resources */,
			);
			buildRules = (
			);
			dependencies = (
				AB1662582B92715900FA72A9 /* PBXTargetDependency */,
			);
			name = StockViewerAppUITests;
			productName = StockViewerAppUITests;
			productReference = AB1662562B92715900FA72A9 /* StockViewerAppUITests.xctest */;
			productType = "com.apple.product-type.bundle.ui-testing";
		};
/* End PBXNativeTarget section */

/* Begin PBXProject section */
		AB1662332B92715700FA72A9 /* Project object */ = {
			isa = PBXProject;
			attributes = {
				BuildIndependentTargetsInParallel = 1;
				LastSwiftUpdateCheck = 1520;
				LastUpgradeCheck = 1520;
				TargetAttributes = {
					AB16623A2B92715700FA72A9 = {
						CreatedOnToolsVersion = 15.2;
					};
					AB16624B2B92715900FA72A9 = {
						CreatedOnToolsVersion = 15.2;
						TestTargetID = AB16623A2B92715700FA72A9;
					};
					AB1662552B92715900FA72A9 = {
						CreatedOnToolsVersion = 15.2;
						TestTargetID = AB16623A2B92715700FA72A9;
					};
				};
			};
			buildConfigurationList = AB1662362B92715700FA72A9 /* Build configuration list for PBXProject "StockViewerApp" */;
			compatibilityVersion = "Xcode 14.0";
			developmentRegion = en;
			hasScannedForEncodings = 0;
			knownRegions = (
				en,
				Base,
			);
			mainGroup = AB1662322B92715700FA72A9;
			packageReferences = (
				AB16626B2B92720900FA72A9 /* XCLocalSwiftPackageReference "Packages/Stocks" */,
			);
			productRefGroup = AB16623C2B92715700FA72A9 /* Products */;
			projectDirPath = "";
			projectRoot = "";
			targets = (
				AB16623A2B92715700FA72A9 /* StockViewerApp */,
				AB16624B2B92715900FA72A9 /* StockViewerAppTests */,
				AB1662552B92715900FA72A9 /* StockViewerAppUITests */,
			);
		};
/* End PBXProject section */

/* Begin PBXResourcesBuildPhase section */
		AB1662392B92715700FA72A9 /* Resources */ = {
			isa = PBXResourcesBuildPhase;
			buildActionMask = 2147483647;
			files = (
				AB1662472B92715800FA72A9 /* Preview Assets.xcassets in Resources */,
				AB1662432B92715800FA72A9 /* Assets.xcassets in Resources */,
			);
			runOnlyForDeploymentPostprocessing = 0;
		};
		AB16624A2B92715900FA72A9 /* Resources */ = {
			isa = PBXResourcesBuildPhase;
			buildActionMask = 2147483647;
			files = (
			);
			runOnlyForDeploymentPostprocessing = 0;
		};
		AB1662542B92715900FA72A9 /* Resources */ = {
			isa = PBXResourcesBuildPhase;
			buildActionMask = 2147483647;
			files = (
			);
			runOnlyForDeploymentPostprocessing = 0;
		};
/* End PBXResourcesBuildPhase section */

/* Begin PBXSourcesBuildPhase section */
		AB1662372B92715700FA72A9 /* Sources */ = {
			isa = PBXSourcesBuildPhase;
			buildActionMask = 2147483647;
			files = (
				AB1662412B92715700FA72A9 /* ContentView.swift in Sources */,
				AB9F467F2B9818F2006FC536 /* StockListView.swift in Sources */,
				AB9A2F2B2B96934300BA0E51 /* PolygonAPIMock.swift in Sources */,
				AB16623F2B92715700FA72A9 /* StockViewerAppApp.swift in Sources */,
			);
			runOnlyForDeploymentPostprocessing = 0;
		};
		AB1662482B92715900FA72A9 /* Sources */ = {
			isa = PBXSourcesBuildPhase;
			buildActionMask = 2147483647;
			files = (
				AB1662512B92715900FA72A9 /* StockViewerAppTests.swift in Sources */,
			);
			runOnlyForDeploymentPostprocessing = 0;
		};
		AB1662522B92715900FA72A9 /* Sources */ = {
			isa = PBXSourcesBuildPhase;
			buildActionMask = 2147483647;
			files = (
				AB16625B2B92715900FA72A9 /* StockViewerAppUITests.swift in Sources */,
				AB16625D2B92715900FA72A9 /* StockViewerAppUITestsLaunchTests.swift in Sources */,
			);
			runOnlyForDeploymentPostprocessing = 0;
		};
/* End PBXSourcesBuildPhase section */

/* Begin PBXTargetDependency section */
		AB16624E2B92715900FA72A9 /* PBXTargetDependency */ = {
			isa = PBXTargetDependency;
			target = AB16623A2B92715700FA72A9 /* StockViewerApp */;
			targetProxy = AB16624D2B92715900FA72A9 /* PBXContainerItemProxy */;
		};
		AB1662582B92715900FA72A9 /* PBXTargetDependency */ = {
			isa = PBXTargetDependency;
			target = AB16623A2B92715700FA72A9 /* StockViewerApp */;
			targetProxy = AB1662572B92715900FA72A9 /* PBXContainerItemProxy */;
		};
/* End PBXTargetDependency section */

/* Begin XCBuildConfiguration section */
		AB16625E2B92715900FA72A9 /* Debug */ = {
			isa = XCBuildConfiguration;
			buildSettings = {
				ALWAYS_SEARCH_USER_PATHS = NO;
				ASSETCATALOG_COMPILER_GENERATE_SWIFT_ASSET_SYMBOL_EXTENSIONS = YES;
				CLANG_ANALYZER_NONNULL = YES;
				CLANG_ANALYZER_NUMBER_OBJECT_CONVERSION = YES_AGGRESSIVE;
				CLANG_CXX_LANGUAGE_STANDARD = "gnu++20";
				CLANG_ENABLE_MODULES = YES;
				CLANG_ENABLE_OBJC_ARC = YES;
				CLANG_ENABLE_OBJC_WEAK = YES;
				CLANG_WARN_BLOCK_CAPTURE_AUTORELEASING = YES;
				CLANG_WARN_BOOL_CONVERSION = YES;
				CLANG_WARN_COMMA = YES;
				CLANG_WARN_CONSTANT_CONVERSION = YES;
				CLANG_WARN_DEPRECATED_OBJC_IMPLEMENTATIONS = YES;
				CLANG_WARN_DIRECT_OBJC_ISA_USAGE = YES_ERROR;
				CLANG_WARN_DOCUMENTATION_COMMENTS = YES;
				CLANG_WARN_EMPTY_BODY = YES;
				CLANG_WARN_ENUM_CONVERSION = YES;
				CLANG_WARN_INFINITE_RECURSION = YES;
				CLANG_WARN_INT_CONVERSION = YES;
				CLANG_WARN_NON_LITERAL_NULL_CONVERSION = YES;
				CLANG_WARN_OBJC_IMPLICIT_RETAIN_SELF = YES;
				CLANG_WARN_OBJC_LITERAL_CONVERSION = YES;
				CLANG_WARN_OBJC_ROOT_CLASS = YES_ERROR;
				CLANG_WARN_QUOTED_INCLUDE_IN_FRAMEWORK_HEADER = YES;
				CLANG_WARN_RANGE_LOOP_ANALYSIS = YES;
				CLANG_WARN_STRICT_PROTOTYPES = YES;
				CLANG_WARN_SUSPICIOUS_MOVE = YES;
				CLANG_WARN_UNGUARDED_AVAILABILITY = YES_AGGRESSIVE;
				CLANG_WARN_UNREACHABLE_CODE = YES;
				CLANG_WARN__DUPLICATE_METHOD_MATCH = YES;
				COPY_PHASE_STRIP = NO;
				DEBUG_INFORMATION_FORMAT = dwarf;
				ENABLE_STRICT_OBJC_MSGSEND = YES;
				ENABLE_TESTABILITY = YES;
				ENABLE_USER_SCRIPT_SANDBOXING = YES;
				GCC_C_LANGUAGE_STANDARD = gnu17;
				GCC_DYNAMIC_NO_PIC = NO;
				GCC_NO_COMMON_BLOCKS = YES;
				GCC_OPTIMIZATION_LEVEL = 0;
				GCC_PREPROCESSOR_DEFINITIONS = (
					"DEBUG=1",
					"$(inherited)",
				);
				GCC_WARN_64_TO_32_BIT_CONVERSION = YES;
				GCC_WARN_ABOUT_RETURN_TYPE = YES_ERROR;
				GCC_WARN_UNDECLARED_SELECTOR = YES;
				GCC_WARN_UNINITIALIZED_AUTOS = YES_AGGRESSIVE;
				GCC_WARN_UNUSED_FUNCTION = YES;
				GCC_WARN_UNUSED_VARIABLE = YES;
				LOCALIZATION_PREFERS_STRING_CATALOGS = YES;
				MTL_ENABLE_DEBUG_INFO = INCLUDE_SOURCE;
				MTL_FAST_MATH = YES;
				ONLY_ACTIVE_ARCH = YES;
				SWIFT_ACTIVE_COMPILATION_CONDITIONS = "DEBUG $(inherited)";
				SWIFT_OPTIMIZATION_LEVEL = "-Onone";
			};
			name = Debug;
		};
		AB16625F2B92715900FA72A9 /* Release */ = {
			isa = XCBuildConfiguration;
			buildSettings = {
				ALWAYS_SEARCH_USER_PATHS = NO;
				ASSETCATALOG_COMPILER_GENERATE_SWIFT_ASSET_SYMBOL_EXTENSIONS = YES;
				CLANG_ANALYZER_NONNULL = YES;
				CLANG_ANALYZER_NUMBER_OBJECT_CONVERSION = YES_AGGRESSIVE;
				CLANG_CXX_LANGUAGE_STANDARD = "gnu++20";
				CLANG_ENABLE_MODULES = YES;
				CLANG_ENABLE_OBJC_ARC = YES;
				CLANG_ENABLE_OBJC_WEAK = YES;
				CLANG_WARN_BLOCK_CAPTURE_AUTORELEASING = YES;
				CLANG_WARN_BOOL_CONVERSION = YES;
				CLANG_WARN_COMMA = YES;
				CLANG_WARN_CONSTANT_CONVERSION = YES;
				CLANG_WARN_DEPRECATED_OBJC_IMPLEMENTATIONS = YES;
				CLANG_WARN_DIRECT_OBJC_ISA_USAGE = YES_ERROR;
				CLANG_WARN_DOCUMENTATION_COMMENTS = YES;
				CLANG_WARN_EMPTY_BODY = YES;
				CLANG_WARN_ENUM_CONVERSION = YES;
				CLANG_WARN_INFINITE_RECURSION = YES;
				CLANG_WARN_INT_CONVERSION = YES;
				CLANG_WARN_NON_LITERAL_NULL_CONVERSION = YES;
				CLANG_WARN_OBJC_IMPLICIT_RETAIN_SELF = YES;
				CLANG_WARN_OBJC_LITERAL_CONVERSION = YES;
				CLANG_WARN_OBJC_ROOT_CLASS = YES_ERROR;
				CLANG_WARN_QUOTED_INCLUDE_IN_FRAMEWORK_HEADER = YES;
				CLANG_WARN_RANGE_LOOP_ANALYSIS = YES;
				CLANG_WARN_STRICT_PROTOTYPES = YES;
				CLANG_WARN_SUSPICIOUS_MOVE = YES;
				CLANG_WARN_UNGUARDED_AVAILABILITY = YES_AGGRESSIVE;
				CLANG_WARN_UNREACHABLE_CODE = YES;
				CLANG_WARN__DUPLICATE_METHOD_MATCH = YES;
				COPY_PHASE_STRIP = NO;
				DEBUG_INFORMATION_FORMAT = "dwarf-with-dsym";
				ENABLE_NS_ASSERTIONS = NO;
				ENABLE_STRICT_OBJC_MSGSEND = YES;
				ENABLE_USER_SCRIPT_SANDBOXING = YES;
				GCC_C_LANGUAGE_STANDARD = gnu17;
				GCC_NO_COMMON_BLOCKS = YES;
				GCC_WARN_64_TO_32_BIT_CONVERSION = YES;
				GCC_WARN_ABOUT_RETURN_TYPE = YES_ERROR;
				GCC_WARN_UNDECLARED_SELECTOR = YES;
				GCC_WARN_UNINITIALIZED_AUTOS = YES_AGGRESSIVE;
				GCC_WARN_UNUSED_FUNCTION = YES;
				GCC_WARN_UNUSED_VARIABLE = YES;
				LOCALIZATION_PREFERS_STRING_CATALOGS = YES;
				MTL_ENABLE_DEBUG_INFO = NO;
				MTL_FAST_MATH = YES;
				SWIFT_COMPILATION_MODE = wholemodule;
			};
			name = Release;
		};
		AB1662612B92715900FA72A9 /* Debug */ = {
			isa = XCBuildConfiguration;
			buildSettings = {
				ASSETCATALOG_COMPILER_APPICON_NAME = AppIcon;
				ASSETCATALOG_COMPILER_GLOBAL_ACCENT_COLOR_NAME = AccentColor;
				CODE_SIGN_ENTITLEMENTS = StockViewerApp/StockViewerApp.entitlements;
				CODE_SIGN_STYLE = Automatic;
				CURRENT_PROJECT_VERSION = 1;
				DEVELOPMENT_ASSET_PATHS = "\"StockViewerApp/Preview Content\"";
				DEVELOPMENT_TEAM = PYCCFGCM94;
				ENABLE_HARDENED_RUNTIME = YES;
				ENABLE_PREVIEWS = YES;
				GENERATE_INFOPLIST_FILE = YES;
				"INFOPLIST_KEY_UIApplicationSceneManifest_Generation[sdk=iphoneos*]" = YES;
				"INFOPLIST_KEY_UIApplicationSceneManifest_Generation[sdk=iphonesimulator*]" = YES;
				"INFOPLIST_KEY_UIApplicationSupportsIndirectInputEvents[sdk=iphoneos*]" = YES;
				"INFOPLIST_KEY_UIApplicationSupportsIndirectInputEvents[sdk=iphonesimulator*]" = YES;
				"INFOPLIST_KEY_UILaunchScreen_Generation[sdk=iphoneos*]" = YES;
				"INFOPLIST_KEY_UILaunchScreen_Generation[sdk=iphonesimulator*]" = YES;
				"INFOPLIST_KEY_UIStatusBarStyle[sdk=iphoneos*]" = UIStatusBarStyleDefault;
				"INFOPLIST_KEY_UIStatusBarStyle[sdk=iphonesimulator*]" = UIStatusBarStyleDefault;
				INFOPLIST_KEY_UISupportedInterfaceOrientations_iPad = "UIInterfaceOrientationPortrait UIInterfaceOrientationPortraitUpsideDown UIInterfaceOrientationLandscapeLeft UIInterfaceOrientationLandscapeRight";
				INFOPLIST_KEY_UISupportedInterfaceOrientations_iPhone = "UIInterfaceOrientationPortrait UIInterfaceOrientationLandscapeLeft UIInterfaceOrientationLandscapeRight";
				IPHONEOS_DEPLOYMENT_TARGET = 16.0;
				LD_RUNPATH_SEARCH_PATHS = "@executable_path/Frameworks";
				"LD_RUNPATH_SEARCH_PATHS[sdk=macosx*]" = "@executable_path/../Frameworks";
				MACOSX_DEPLOYMENT_TARGET = 13.0;
				MARKETING_VERSION = 1.0;
				PRODUCT_BUNDLE_IDENTIFIER = foo.bar.StockViewerApp;
				PRODUCT_NAME = "$(TARGET_NAME)";
				SDKROOT = auto;
				SUPPORTED_PLATFORMS = "iphoneos iphonesimulator macosx";
				SWIFT_EMIT_LOC_STRINGS = YES;
				SWIFT_VERSION = 5.0;
				TARGETED_DEVICE_FAMILY = "1,2";
			};
			name = Debug;
		};
		AB1662622B92715900FA72A9 /* Release */ = {
			isa = XCBuildConfiguration;
			buildSettings = {
				ASSETCATALOG_COMPILER_APPICON_NAME = AppIcon;
				ASSETCATALOG_COMPILER_GLOBAL_ACCENT_COLOR_NAME = AccentColor;
				CODE_SIGN_ENTITLEMENTS = StockViewerApp/StockViewerApp.entitlements;
				CODE_SIGN_STYLE = Automatic;
				CURRENT_PROJECT_VERSION = 1;
				DEVELOPMENT_ASSET_PATHS = "\"StockViewerApp/Preview Content\"";
				DEVELOPMENT_TEAM = PYCCFGCM94;
				ENABLE_HARDENED_RUNTIME = YES;
				ENABLE_PREVIEWS = YES;
				GENERATE_INFOPLIST_FILE = YES;
				"INFOPLIST_KEY_UIApplicationSceneManifest_Generation[sdk=iphoneos*]" = YES;
				"INFOPLIST_KEY_UIApplicationSceneManifest_Generation[sdk=iphonesimulator*]" = YES;
				"INFOPLIST_KEY_UIApplicationSupportsIndirectInputEvents[sdk=iphoneos*]" = YES;
				"INFOPLIST_KEY_UIApplicationSupportsIndirectInputEvents[sdk=iphonesimulator*]" = YES;
				"INFOPLIST_KEY_UILaunchScreen_Generation[sdk=iphoneos*]" = YES;
				"INFOPLIST_KEY_UILaunchScreen_Generation[sdk=iphonesimulator*]" = YES;
				"INFOPLIST_KEY_UIStatusBarStyle[sdk=iphoneos*]" = UIStatusBarStyleDefault;
				"INFOPLIST_KEY_UIStatusBarStyle[sdk=iphonesimulator*]" = UIStatusBarStyleDefault;
				INFOPLIST_KEY_UISupportedInterfaceOrientations_iPad = "UIInterfaceOrientationPortrait UIInterfaceOrientationPortraitUpsideDown UIInterfaceOrientationLandscapeLeft UIInterfaceOrientationLandscapeRight";
				INFOPLIST_KEY_UISupportedInterfaceOrientations_iPhone = "UIInterfaceOrientationPortrait UIInterfaceOrientationLandscapeLeft UIInterfaceOrientationLandscapeRight";
				IPHONEOS_DEPLOYMENT_TARGET = 16.0;
				LD_RUNPATH_SEARCH_PATHS = "@executable_path/Frameworks";
				"LD_RUNPATH_SEARCH_PATHS[sdk=macosx*]" = "@executable_path/../Frameworks";
				MACOSX_DEPLOYMENT_TARGET = 13.0;
				MARKETING_VERSION = 1.0;
				PRODUCT_BUNDLE_IDENTIFIER = foo.bar.StockViewerApp;
				PRODUCT_NAME = "$(TARGET_NAME)";
				SDKROOT = auto;
				SUPPORTED_PLATFORMS = "iphoneos iphonesimulator macosx";
				SWIFT_EMIT_LOC_STRINGS = YES;
				SWIFT_VERSION = 5.0;
				TARGETED_DEVICE_FAMILY = "1,2";
			};
			name = Release;
		};
		AB1662642B92715900FA72A9 /* Debug */ = {
			isa = XCBuildConfiguration;
			buildSettings = {
				ALWAYS_EMBED_SWIFT_STANDARD_LIBRARIES = YES;
				BUNDLE_LOADER = "$(TEST_HOST)";
				CODE_SIGN_STYLE = Automatic;
				CURRENT_PROJECT_VERSION = 1;
				DEVELOPMENT_TEAM = PYCCFGCM94;
				GENERATE_INFOPLIST_FILE = YES;
				IPHONEOS_DEPLOYMENT_TARGET = 17.2;
				MACOSX_DEPLOYMENT_TARGET = 14.2;
				MARKETING_VERSION = 1.0;
				PRODUCT_BUNDLE_IDENTIFIER = foo.bar.StockViewerAppTests;
				PRODUCT_NAME = "$(TARGET_NAME)";
				SDKROOT = auto;
				SUPPORTED_PLATFORMS = "iphoneos iphonesimulator macosx";
				SWIFT_EMIT_LOC_STRINGS = NO;
				SWIFT_VERSION = 5.0;
				TARGETED_DEVICE_FAMILY = "1,2";
				TEST_HOST = "$(BUILT_PRODUCTS_DIR)/StockViewerApp.app/$(BUNDLE_EXECUTABLE_FOLDER_PATH)/StockViewerApp";
			};
			name = Debug;
		};
		AB1662652B92715900FA72A9 /* Release */ = {
			isa = XCBuildConfiguration;
			buildSettings = {
				ALWAYS_EMBED_SWIFT_STANDARD_LIBRARIES = YES;
				BUNDLE_LOADER = "$(TEST_HOST)";
				CODE_SIGN_STYLE = Automatic;
				CURRENT_PROJECT_VERSION = 1;
				DEVELOPMENT_TEAM = PYCCFGCM94;
				GENERATE_INFOPLIST_FILE = YES;
				IPHONEOS_DEPLOYMENT_TARGET = 17.2;
				MACOSX_DEPLOYMENT_TARGET = 14.2;
				MARKETING_VERSION = 1.0;
				PRODUCT_BUNDLE_IDENTIFIER = foo.bar.StockViewerAppTests;
				PRODUCT_NAME = "$(TARGET_NAME)";
				SDKROOT = auto;
				SUPPORTED_PLATFORMS = "iphoneos iphonesimulator macosx";
				SWIFT_EMIT_LOC_STRINGS = NO;
				SWIFT_VERSION = 5.0;
				TARGETED_DEVICE_FAMILY = "1,2";
				TEST_HOST = "$(BUILT_PRODUCTS_DIR)/StockViewerApp.app/$(BUNDLE_EXECUTABLE_FOLDER_PATH)/StockViewerApp";
			};
			name = Release;
		};
		AB1662672B92715900FA72A9 /* Debug */ = {
			isa = XCBuildConfiguration;
			buildSettings = {
				ALWAYS_EMBED_SWIFT_STANDARD_LIBRARIES = YES;
				CODE_SIGN_STYLE = Automatic;
				CURRENT_PROJECT_VERSION = 1;
				DEVELOPMENT_TEAM = PYCCFGCM94;
				GENERATE_INFOPLIST_FILE = YES;
				IPHONEOS_DEPLOYMENT_TARGET = 17.2;
				MACOSX_DEPLOYMENT_TARGET = 14.2;
				MARKETING_VERSION = 1.0;
				PRODUCT_BUNDLE_IDENTIFIER = foo.bar.StockViewerAppUITests;
				PRODUCT_NAME = "$(TARGET_NAME)";
				SDKROOT = auto;
				SUPPORTED_PLATFORMS = "iphoneos iphonesimulator macosx";
				SWIFT_EMIT_LOC_STRINGS = NO;
				SWIFT_VERSION = 5.0;
				TARGETED_DEVICE_FAMILY = "1,2";
				TEST_TARGET_NAME = StockViewerApp;
			};
			name = Debug;
		};
		AB1662682B92715900FA72A9 /* Release */ = {
			isa = XCBuildConfiguration;
			buildSettings = {
				ALWAYS_EMBED_SWIFT_STANDARD_LIBRARIES = YES;
				CODE_SIGN_STYLE = Automatic;
				CURRENT_PROJECT_VERSION = 1;
				DEVELOPMENT_TEAM = PYCCFGCM94;
				GENERATE_INFOPLIST_FILE = YES;
				IPHONEOS_DEPLOYMENT_TARGET = 17.2;
				MACOSX_DEPLOYMENT_TARGET = 14.2;
				MARKETING_VERSION = 1.0;
				PRODUCT_BUNDLE_IDENTIFIER = foo.bar.StockViewerAppUITests;
				PRODUCT_NAME = "$(TARGET_NAME)";
				SDKROOT = auto;
				SUPPORTED_PLATFORMS = "iphoneos iphonesimulator macosx";
				SWIFT_EMIT_LOC_STRINGS = NO;
				SWIFT_VERSION = 5.0;
				TARGETED_DEVICE_FAMILY = "1,2";
				TEST_TARGET_NAME = StockViewerApp;
			};
			name = Release;
		};
/* End XCBuildConfiguration section */

/* Begin XCConfigurationList section */
		AB1662362B92715700FA72A9 /* Build configuration list for PBXProject "StockViewerApp" */ = {
			isa = XCConfigurationList;
			buildConfigurations = (
				AB16625E2B92715900FA72A9 /* Debug */,
				AB16625F2B92715900FA72A9 /* Release */,
			);
			defaultConfigurationIsVisible = 0;
			defaultConfigurationName = Release;
		};
		AB1662602B92715900FA72A9 /* Build configuration list for PBXNativeTarget "StockViewerApp" */ = {
			isa = XCConfigurationList;
			buildConfigurations = (
				AB1662612B92715900FA72A9 /* Debug */,
				AB1662622B92715900FA72A9 /* Release */,
			);
			defaultConfigurationIsVisible = 0;
			defaultConfigurationName = Release;
		};
		AB1662632B92715900FA72A9 /* Build configuration list for PBXNativeTarget "StockViewerAppTests" */ = {
			isa = XCConfigurationList;
			buildConfigurations = (
				AB1662642B92715900FA72A9 /* Debug */,
				AB1662652B92715900FA72A9 /* Release */,
			);
			defaultConfigurationIsVisible = 0;
			defaultConfigurationName = Release;
		};
		AB1662662B92715900FA72A9 /* Build configuration list for PBXNativeTarget "StockViewerAppUITests" */ = {
			isa = XCConfigurationList;
			buildConfigurations = (
				AB1662672B92715900FA72A9 /* Debug */,
				AB1662682B92715900FA72A9 /* Release */,
			);
			defaultConfigurationIsVisible = 0;
			defaultConfigurationName = Release;
		};
/* End XCConfigurationList section */

/* Begin XCLocalSwiftPackageReference section */
		AB16626B2B92720900FA72A9 /* XCLocalSwiftPackageReference "Packages/Stocks" */ = {
			isa = XCLocalSwiftPackageReference;
			relativePath = Packages/Stocks;
		};
/* End XCLocalSwiftPackageReference section */

/* Begin XCSwiftPackageProductDependency section */
		AB16626C2B92720900FA72A9 /* Stocks */ = {
			isa = XCSwiftPackageProductDependency;
			productName = Stocks;
		};
/* End XCSwiftPackageProductDependency section */
	};
	rootObject = AB1662332B92715700FA72A9 /* Project object */;
}
